
Microsoft Visual Studio Solution File, Format Version 12.00
# Visual Studio 15
VisualStudioVersion = 15.0.28307.852
MinimumVisualStudioVersion = 10.0.40219.1
Project("{8BC9CEB8-8B4A-11D0-8D11-00A0C91BC942}") = "Pairs of numbers with given GCD and LCM", "Pairs of numbers with given GCD and LCM\Pairs of numbers with given GCD and LCM.vcxproj", "{47F3991D-4BB9-490A-BCD7-7993B11E7440}"
EndProject
Global
	GlobalSection(SolutionConfigurationPlatforms) = preSolution
		Debug|x64 = Debug|x64
		Debug|x86 = Debug|x86
		Release|x64 = Release|x64
		Release|x86 = Release|x86
	EndGlobalSection
	GlobalSection(ProjectConfigurationPlatforms) = postSolution
		{47F3991D-4BB9-490A-BCD7-7993B11E7440}.Debug|x64.ActiveCfg = Debug|x64
		{47F3991D-4BB9-490A-BCD7-7993B11E7440}.Debug|x64.Build.0 = Debug|x64
		{47F3991D-4BB9-490A-BCD7-7993B11E7440}.Debug|x86.ActiveCfg = Debug|Win32
		{47F3991D-4BB9-490A-BCD7-7993B11E7440}.Debug|x86.Build.0 = Debug|Win32
		{47F3991D-4BB9-490A-BCD7-7993B11E7440}.Release|x64.ActiveCfg = Release|x64
		{47F3991D-4BB9-490A-BCD7-7993B11E7440}.Release|x64.Build.0 = Release|x64
		{47F3991D-4BB9-490A-BCD7-7993B11E7440}.Release|x86.ActiveCfg = Release|Win32
		{47F3991D-4BB9-490A-BCD7-7993B11E7440}.Release|x86.Build.0 = Release|Win32
	EndGlobalSection
	GlobalSection(SolutionProperties) = preSolution
		HideSolutionNode = FALSE
	EndGlobalSection
	GlobalSection(ExtensibilityGlobals) = postSolution
		SolutionGuid = {90FAC772-7DD7-4BD2-8F77-A571F2A3CE57}
	EndGlobalSection
EndGlobal
